
Microsoft Visual Studio Solution File, Format Version 12.00
# Visual Studio 2012
Project("{2150E333-8FDC-42A3-9474-1A3956D46DE8}") = "Tests", "Tests", "{0E1EF635-0A92-44A6-AC39-B2CF6BF39BE4}"
EndProject
Project("{2150E333-8FDC-42A3-9474-1A3956D46DE8}") = "Repositories", "Repositories", "{D3E78CCF-AA55-45A6-8029-BABFE29F6D66}"
EndProject
Project("{2150E333-8FDC-42A3-9474-1A3956D46DE8}") = "Entities", "Entities", "{8D31256A-DFFB-42DD-A5F1-A88270CCEDD0}"
EndProject
Project("{FAE04EC0-301F-11D3-BF4B-00C04F79EFBC}") = "SharedTools.BaseEntities", "SharedTools.BaseEntities\SharedTools.BaseEntities.csproj", "{F71DEA9A-83EC-44F5-ABD7-D53F8AE32B20}"
EndProject
Project("{FAE04EC0-301F-11D3-BF4B-00C04F79EFBC}") = "SharedTools.Repository.Interfaces", "SharedTools.Repository.Interfaces\SharedTools.Repository.Interfaces.csproj", "{D410CAF1-01B5-40C6-A080-5F78761E0DC3}"
EndProject
Project("{FAE04EC0-301F-11D3-BF4B-00C04F79EFBC}") = "SharedTools.Repository.DapperImplementation", "SharedTools.Repository.DapperImplementation\SharedTools.Repository.DapperImplementation.csproj", "{6F1294AC-17DA-4A4F-AB77-DC643F5062AF}"
EndProject
Project("{2150E333-8FDC-42A3-9474-1A3956D46DE8}") = "DapperRepositoryTests", "DapperRepositoryTests", "{634E8AB5-EAB2-46BF-AE83-948EFF1027AC}"
EndProject
Project("{FAE04EC0-301F-11D3-BF4B-00C04F79EFBC}") = "SharedTools.Repository.DapperImplementationTests", "SharedTools.Repository.DapperImplementationTests\SharedTools.Repository.DapperImplementationTests.csproj", "{C0BBBFA5-3978-4F2A-B20F-349161340BB8}"
EndProject
Global
	GlobalSection(SolutionConfigurationPlatforms) = preSolution
		Debug|Any CPU = Debug|Any CPU
		Release|Any CPU = Release|Any CPU
	EndGlobalSection
	GlobalSection(ProjectConfigurationPlatforms) = postSolution
		{F71DEA9A-83EC-44F5-ABD7-D53F8AE32B20}.Debug|Any CPU.ActiveCfg = Debug|Any CPU
		{F71DEA9A-83EC-44F5-ABD7-D53F8AE32B20}.Debug|Any CPU.Build.0 = Debug|Any CPU
		{F71DEA9A-83EC-44F5-ABD7-D53F8AE32B20}.Release|Any CPU.ActiveCfg = Release|Any CPU
		{F71DEA9A-83EC-44F5-ABD7-D53F8AE32B20}.Release|Any CPU.Build.0 = Release|Any CPU
		{D410CAF1-01B5-40C6-A080-5F78761E0DC3}.Debug|Any CPU.ActiveCfg = Debug|Any CPU
		{D410CAF1-01B5-40C6-A080-5F78761E0DC3}.Debug|Any CPU.Build.0 = Debug|Any CPU
		{D410CAF1-01B5-40C6-A080-5F78761E0DC3}.Release|Any CPU.ActiveCfg = Release|Any CPU
		{D410CAF1-01B5-40C6-A080-5F78761E0DC3}.Release|Any CPU.Build.0 = Release|Any CPU
		{6F1294AC-17DA-4A4F-AB77-DC643F5062AF}.Debug|Any CPU.ActiveCfg = Debug|Any CPU
		{6F1294AC-17DA-4A4F-AB77-DC643F5062AF}.Debug|Any CPU.Build.0 = Debug|Any CPU
		{6F1294AC-17DA-4A4F-AB77-DC643F5062AF}.Release|Any CPU.ActiveCfg = Release|Any CPU
		{6F1294AC-17DA-4A4F-AB77-DC643F5062AF}.Release|Any CPU.Build.0 = Release|Any CPU
		{C0BBBFA5-3978-4F2A-B20F-349161340BB8}.Debug|Any CPU.ActiveCfg = Debug|Any CPU
		{C0BBBFA5-3978-4F2A-B20F-349161340BB8}.Debug|Any CPU.Build.0 = Debug|Any CPU
		{C0BBBFA5-3978-4F2A-B20F-349161340BB8}.Release|Any CPU.ActiveCfg = Release|Any CPU
		{C0BBBFA5-3978-4F2A-B20F-349161340BB8}.Release|Any CPU.Build.0 = Release|Any CPU
	EndGlobalSection
	GlobalSection(SolutionProperties) = preSolution
		HideSolutionNode = FALSE
	EndGlobalSection
	GlobalSection(NestedProjects) = preSolution
		{0E1EF635-0A92-44A6-AC39-B2CF6BF39BE4} = {D3E78CCF-AA55-45A6-8029-BABFE29F6D66}
		{D410CAF1-01B5-40C6-A080-5F78761E0DC3} = {D3E78CCF-AA55-45A6-8029-BABFE29F6D66}
		{6F1294AC-17DA-4A4F-AB77-DC643F5062AF} = {D3E78CCF-AA55-45A6-8029-BABFE29F6D66}
		{634E8AB5-EAB2-46BF-AE83-948EFF1027AC} = {0E1EF635-0A92-44A6-AC39-B2CF6BF39BE4}
		{F71DEA9A-83EC-44F5-ABD7-D53F8AE32B20} = {8D31256A-DFFB-42DD-A5F1-A88270CCEDD0}
		{C0BBBFA5-3978-4F2A-B20F-349161340BB8} = {634E8AB5-EAB2-46BF-AE83-948EFF1027AC}
	EndGlobalSection
EndGlobal
